
Microsoft Visual Studio Solution File, Format Version 12.00
# Visual Studio Version 17
VisualStudioVersion = 17.8.34408.163
MinimumVisualStudioVersion = 10.0.40219.1
Project("{2150E333-8FDC-42A3-9474-1A3956D46DE8}") = "src", "src", "{3C8ACB2E-2D73-4655-8B1D-D8A310564E76}"
EndProject
Project("{2150E333-8FDC-42A3-9474-1A3956D46DE8}") = "Product", "Product", "{AB98484B-36A8-4B66-A8C1-0E08106EC50C}"
EndProject
Project("{9A19103F-16F7-4668-BE54-9A1E7A4F7556}") = "ShoppingSystem.Product.Api", "ShppingSystem.Product\ShoppingSystem.Product.Api.csproj", "{540FE749-3BA8-4F69-B80D-0DB40C282B08}"
EndProject
Project("{2150E333-8FDC-42A3-9474-1A3956D46DE8}") = "Basket", "Basket", "{96E0F2A1-F955-411F-B7E0-935D5029CBDC}"
EndProject
Project("{2150E333-8FDC-42A3-9474-1A3956D46DE8}") = "Notification", "Notification", "{2F8BE3C5-1AB8-4F32-9600-7FC68B091F4B}"
EndProject
Project("{2150E333-8FDC-42A3-9474-1A3956D46DE8}") = "docs", "docs", "{6FD50918-98F6-4528-84CF-29C9111CA085}"
	ProjectSection(SolutionItems) = preProject
		Info.txt = Info.txt
	EndProjectSection
EndProject
Project("{2150E333-8FDC-42A3-9474-1A3956D46DE8}") = "Captcha", "Captcha", "{3ECBCE2A-10F8-440D-8975-27B45099D814}"
EndProject
Project("{9A19103F-16F7-4668-BE54-9A1E7A4F7556}") = "ShoppingSystem.Captcha.Api", "ShoppingSystem.Captcha.Api\ShoppingSystem.Captcha.Api.csproj", "{6A4852E1-6E6B-47DD-9BA0-A2A54F9F0FEB}"
EndProject
Project("{9A19103F-16F7-4668-BE54-9A1E7A4F7556}") = "ShoppingSystem.Product.Domain", "ShoppingSystem.Product.Domain\ShoppingSystem.Product.Domain.csproj", "{C562D4DA-E83D-4BE0-ABB2-ED882353ABE0}"
EndProject
Project("{9A19103F-16F7-4668-BE54-9A1E7A4F7556}") = "ShoppingSystem.Product.Application", "ShoppingSystem.Product.Application\ShoppingSystem.Product.Application.csproj", "{E2A642D2-4EFB-4A7D-90F0-42F384A4B12F}"
EndProject
Project("{9A19103F-16F7-4668-BE54-9A1E7A4F7556}") = "ShoppingSystem.Product.Infrastructure", "ShoppingSystem.Product.Infrastructure\ShoppingSystem.Product.Infrastructure.csproj", "{B584EA47-6960-48DA-A51D-6E97F7744116}"
EndProject
Project("{2150E333-8FDC-42A3-9474-1A3956D46DE8}") = "Shared", "Shared", "{8F7444C9-7BC7-4C6A-AE56-162688EED87F}"
EndProject
Project("{9A19103F-16F7-4668-BE54-9A1E7A4F7556}") = "ShoppingSystem.Shared", "ShoppingSystem.Shared\ShoppingSystem.Shared.csproj", "{F3E95DAA-8119-4E94-A093-5B138932259C}"
EndProject
Project("{9A19103F-16F7-4668-BE54-9A1E7A4F7556}") = "ShoppingSystem.Notification.Api", "ShoppingSystem.Notification.Api\ShoppingSystem.Notification.Api.csproj", "{656D1DA9-6598-4897-BDE2-05B1677F5CD4}"
EndProject
Project("{2150E333-8FDC-42A3-9474-1A3956D46DE8}") = "Identity", "Identity", "{EC880B3F-AAD4-4686-B89E-4D73EB983DA8}"
EndProject
Project("{9A19103F-16F7-4668-BE54-9A1E7A4F7556}") = "ShoppingSystem.Identity", "ShoppingSystem.Identity\ShoppingSystem.Identity.csproj", "{DAA0AA9E-C691-4151-BE4F-D6729016676C}"
EndProject
Project("{2150E333-8FDC-42A3-9474-1A3956D46DE8}") = "Content", "Content", "{4B2E934E-5DF0-4094-9E33-35145B01A64B}"
EndProject
Project("{2150E333-8FDC-42A3-9474-1A3956D46DE8}") = "Gateway", "Gateway", "{62AABB6B-C32D-43FC-8AE5-A890C2BEE47B}"
EndProject
Project("{FAE04EC0-301F-11D3-BF4B-00C04F79EFBC}") = "ShoppingSystem.Content.Api", "ShoppingSystem.Content.Api\ShoppingSystem.Content.Api.csproj", "{BD32F9E0-2910-4397-A52C-72941A049F47}"
EndProject
Global
	GlobalSection(SolutionConfigurationPlatforms) = preSolution
		Debug|Any CPU = Debug|Any CPU
		Release|Any CPU = Release|Any CPU
	EndGlobalSection
	GlobalSection(ProjectConfigurationPlatforms) = postSolution
		{540FE749-3BA8-4F69-B80D-0DB40C282B08}.Debug|Any CPU.ActiveCfg = Debug|Any CPU
		{540FE749-3BA8-4F69-B80D-0DB40C282B08}.Debug|Any CPU.Build.0 = Debug|Any CPU
		{540FE749-3BA8-4F69-B80D-0DB40C282B08}.Release|Any CPU.ActiveCfg = Release|Any CPU
		{540FE749-3BA8-4F69-B80D-0DB40C282B08}.Release|Any CPU.Build.0 = Release|Any CPU
		{6A4852E1-6E6B-47DD-9BA0-A2A54F9F0FEB}.Debug|Any CPU.ActiveCfg = Debug|Any CPU
		{6A4852E1-6E6B-47DD-9BA0-A2A54F9F0FEB}.Debug|Any CPU.Build.0 = Debug|Any CPU
		{6A4852E1-6E6B-47DD-9BA0-A2A54F9F0FEB}.Release|Any CPU.ActiveCfg = Release|Any CPU
		{6A4852E1-6E6B-47DD-9BA0-A2A54F9F0FEB}.Release|Any CPU.Build.0 = Release|Any CPU
		{C562D4DA-E83D-4BE0-ABB2-ED882353ABE0}.Debug|Any CPU.ActiveCfg = Debug|Any CPU
		{C562D4DA-E83D-4BE0-ABB2-ED882353ABE0}.Debug|Any CPU.Build.0 = Debug|Any CPU
		{C562D4DA-E83D-4BE0-ABB2-ED882353ABE0}.Release|Any CPU.ActiveCfg = Release|Any CPU
		{C562D4DA-E83D-4BE0-ABB2-ED882353ABE0}.Release|Any CPU.Build.0 = Release|Any CPU
		{E2A642D2-4EFB-4A7D-90F0-42F384A4B12F}.Debug|Any CPU.ActiveCfg = Debug|Any CPU
		{E2A642D2-4EFB-4A7D-90F0-42F384A4B12F}.Debug|Any CPU.Build.0 = Debug|Any CPU
		{E2A642D2-4EFB-4A7D-90F0-42F384A4B12F}.Release|Any CPU.ActiveCfg = Release|Any CPU
		{E2A642D2-4EFB-4A7D-90F0-42F384A4B12F}.Release|Any CPU.Build.0 = Release|Any CPU
		{B584EA47-6960-48DA-A51D-6E97F7744116}.Debug|Any CPU.ActiveCfg = Debug|Any CPU
		{B584EA47-6960-48DA-A51D-6E97F7744116}.Debug|Any CPU.Build.0 = Debug|Any CPU
		{B584EA47-6960-48DA-A51D-6E97F7744116}.Release|Any CPU.ActiveCfg = Release|Any CPU
		{B584EA47-6960-48DA-A51D-6E97F7744116}.Release|Any CPU.Build.0 = Release|Any CPU
		{F3E95DAA-8119-4E94-A093-5B138932259C}.Debug|Any CPU.ActiveCfg = Debug|Any CPU
		{F3E95DAA-8119-4E94-A093-5B138932259C}.Debug|Any CPU.Build.0 = Debug|Any CPU
		{F3E95DAA-8119-4E94-A093-5B138932259C}.Release|Any CPU.ActiveCfg = Release|Any CPU
		{F3E95DAA-8119-4E94-A093-5B138932259C}.Release|Any CPU.Build.0 = Release|Any CPU
		{656D1DA9-6598-4897-BDE2-05B1677F5CD4}.Debug|Any CPU.ActiveCfg = Debug|Any CPU
		{656D1DA9-6598-4897-BDE2-05B1677F5CD4}.Debug|Any CPU.Build.0 = Debug|Any CPU
		{656D1DA9-6598-4897-BDE2-05B1677F5CD4}.Release|Any CPU.ActiveCfg = Release|Any CPU
		{656D1DA9-6598-4897-BDE2-05B1677F5CD4}.Release|Any CPU.Build.0 = Release|Any CPU
		{DAA0AA9E-C691-4151-BE4F-D6729016676C}.Debug|Any CPU.ActiveCfg = Debug|Any CPU
		{DAA0AA9E-C691-4151-BE4F-D6729016676C}.Debug|Any CPU.Build.0 = Debug|Any CPU
		{DAA0AA9E-C691-4151-BE4F-D6729016676C}.Release|Any CPU.ActiveCfg = Release|Any CPU
		{DAA0AA9E-C691-4151-BE4F-D6729016676C}.Release|Any CPU.Build.0 = Release|Any CPU
		{BD32F9E0-2910-4397-A52C-72941A049F47}.Debug|Any CPU.ActiveCfg = Debug|Any CPU
		{BD32F9E0-2910-4397-A52C-72941A049F47}.Debug|Any CPU.Build.0 = Debug|Any CPU
		{BD32F9E0-2910-4397-A52C-72941A049F47}.Release|Any CPU.ActiveCfg = Release|Any CPU
		{BD32F9E0-2910-4397-A52C-72941A049F47}.Release|Any CPU.Build.0 = Release|Any CPU
	EndGlobalSection
	GlobalSection(SolutionProperties) = preSolution
		HideSolutionNode = FALSE
	EndGlobalSection
	GlobalSection(NestedProjects) = preSolution
		{AB98484B-36A8-4B66-A8C1-0E08106EC50C} = {3C8ACB2E-2D73-4655-8B1D-D8A310564E76}
		{540FE749-3BA8-4F69-B80D-0DB40C282B08} = {AB98484B-36A8-4B66-A8C1-0E08106EC50C}
		{96E0F2A1-F955-411F-B7E0-935D5029CBDC} = {3C8ACB2E-2D73-4655-8B1D-D8A310564E76}
		{2F8BE3C5-1AB8-4F32-9600-7FC68B091F4B} = {3C8ACB2E-2D73-4655-8B1D-D8A310564E76}
		{3ECBCE2A-10F8-440D-8975-27B45099D814} = {3C8ACB2E-2D73-4655-8B1D-D8A310564E76}
		{6A4852E1-6E6B-47DD-9BA0-A2A54F9F0FEB} = {3ECBCE2A-10F8-440D-8975-27B45099D814}
		{C562D4DA-E83D-4BE0-ABB2-ED882353ABE0} = {AB98484B-36A8-4B66-A8C1-0E08106EC50C}
		{E2A642D2-4EFB-4A7D-90F0-42F384A4B12F} = {AB98484B-36A8-4B66-A8C1-0E08106EC50C}
		{B584EA47-6960-48DA-A51D-6E97F7744116} = {AB98484B-36A8-4B66-A8C1-0E08106EC50C}
		{8F7444C9-7BC7-4C6A-AE56-162688EED87F} = {3C8ACB2E-2D73-4655-8B1D-D8A310564E76}
		{F3E95DAA-8119-4E94-A093-5B138932259C} = {8F7444C9-7BC7-4C6A-AE56-162688EED87F}
		{656D1DA9-6598-4897-BDE2-05B1677F5CD4} = {2F8BE3C5-1AB8-4F32-9600-7FC68B091F4B}
		{EC880B3F-AAD4-4686-B89E-4D73EB983DA8} = {3C8ACB2E-2D73-4655-8B1D-D8A310564E76}
		{DAA0AA9E-C691-4151-BE4F-D6729016676C} = {EC880B3F-AAD4-4686-B89E-4D73EB983DA8}
		{4B2E934E-5DF0-4094-9E33-35145B01A64B} = {3C8ACB2E-2D73-4655-8B1D-D8A310564E76}
		{BD32F9E0-2910-4397-A52C-72941A049F47} = {4B2E934E-5DF0-4094-9E33-35145B01A64B}
	EndGlobalSection
	GlobalSection(ExtensibilityGlobals) = postSolution
		SolutionGuid = {8CFD8836-0EF9-4341-A5E7-CB0CBDCF58A2}
	EndGlobalSection
EndGlobal
